
Microsoft Visual Studio Solution File, Format Version 12.00
# Visual Studio 2013
VisualStudioVersion = 12.0.40629.0
MinimumVisualStudioVersion = 10.0.40219.1
Project("{FAE04EC0-301F-11D3-BF4B-00C04F79EFBC}") = "Aveva.Engineering.PartsBreakdown", "Aveva.Engineering.PartsBreakdown\Aveva.Engineering.PartsBreakdown.csproj", "{837EAF4C-BE29-48C6-9DDB-9FCDE62107B6}"
EndProject
Project("{FAE04EC0-301F-11D3-BF4B-00C04F79EFBC}") = "PartsBreakdown.TestHarness", "PartsBreakdown.TestHarness\PartsBreakdown.TestHarness.csproj", "{7C06A38D-5516-4541-B3AD-5FAB4ACA70AF}"
EndProject
Project("{FAE04EC0-301F-11D3-BF4B-00C04F79EFBC}") = "PartsBreakdown.Tests", "PartsBreakdown.Tests\PartsBreakdown.Tests.csproj", "{F2713669-E7CC-4777-AC8B-54986C706474}"
EndProject
Global
	GlobalSection(SolutionConfigurationPlatforms) = preSolution
		Debug|Any CPU = Debug|Any CPU
		Release|Any CPU = Release|Any CPU
	EndGlobalSection
	GlobalSection(ProjectConfigurationPlatforms) = postSolution
		{837EAF4C-BE29-48C6-9DDB-9FCDE62107B6}.Debug|Any CPU.ActiveCfg = Debug|Any CPU
		{837EAF4C-BE29-48C6-9DDB-9FCDE62107B6}.Debug|Any CPU.Build.0 = Debug|Any CPU
		{837EAF4C-BE29-48C6-9DDB-9FCDE62107B6}.Release|Any CPU.ActiveCfg = Release|Any CPU
		{837EAF4C-BE29-48C6-9DDB-9FCDE62107B6}.Release|Any CPU.Build.0 = Release|Any CPU
		{7C06A38D-5516-4541-B3AD-5FAB4ACA70AF}.Debug|Any CPU.ActiveCfg = Debug|Any CPU
		{7C06A38D-5516-4541-B3AD-5FAB4ACA70AF}.Debug|Any CPU.Build.0 = Debug|Any CPU
		{7C06A38D-5516-4541-B3AD-5FAB4ACA70AF}.Release|Any CPU.ActiveCfg = Release|Any CPU
		{7C06A38D-5516-4541-B3AD-5FAB4ACA70AF}.Release|Any CPU.Build.0 = Release|Any CPU
		{F2713669-E7CC-4777-AC8B-54986C706474}.Debug|Any CPU.ActiveCfg = Debug|Any CPU
		{F2713669-E7CC-4777-AC8B-54986C706474}.Debug|Any CPU.Build.0 = Debug|Any CPU
		{F2713669-E7CC-4777-AC8B-54986C706474}.Release|Any CPU.ActiveCfg = Release|Any CPU
		{F2713669-E7CC-4777-AC8B-54986C706474}.Release|Any CPU.Build.0 = Release|Any CPU
	EndGlobalSection
	GlobalSection(SolutionProperties) = preSolution
		HideSolutionNode = FALSE
	EndGlobalSection
EndGlobal
